{
    "name": "no-name-set",
    "lockfileVersion": 2,
    "requires": true,
    "packages": {
        "": {
            "dependencies": {
                "@dataform/core": "2.9.0",
                "dfe-analytics-dataform": "https://github.com/DFE-Digital/dfe-analytics-dataform/archive/refs/tags/v1.9.2.tar.gz"
            }
        },
        "node_modules/@dataform/core": {
            "version": "2.9.0",
            "resolved": "https://registry.npmjs.org/@dataform/core/-/core-2.9.0.tgz",
            "integrity": "sha512-S0aJMpof0uxL7Sodi7CH3ewlN83NFm0kRDvWoBfc0prw/a5wVIAY1LZWeg/6icqKPUw5b5xWn2ub82YrD8zVTg=="
        },
        "node_modules/dfe-analytics-dataform": {
            "resolved": "https://github.com/DFE-Digital/dfe-analytics-dataform/archive/refs/tags/v1.9.2.tar.gz",
            "integrity": "sha512-EhU06XF2gP4CREb1ifsLAv6uJFuA6nJH8+XSL/wgMuJ0VS/z+Us3CCMsXsfbnH/R4q0vCyLB1j0q9PG2tcKwMQ==",
            "dependencies": {
                "@dataform/core": "2.9.0"
            }
        }
    },
    "dependencies": {
        "@dataform/core": {
            "version": "2.9.0",
            "resolved": "https://registry.npmjs.org/@dataform/core/-/core-2.9.0.tgz",
            "integrity": "sha512-S0aJMpof0uxL7Sodi7CH3ewlN83NFm0kRDvWoBfc0prw/a5wVIAY1LZWeg/6icqKPUw5b5xWn2ub82YrD8zVTg=="
        },
        "dfe-analytics-dataform": {
            "version": "https://github.com/DFE-Digital/dfe-analytics-dataform/archive/refs/tags/v1.9.2.tar.gz",
            "integrity": "sha512-EhU06XF2gP4CREb1ifsLAv6uJFuA6nJH8+XSL/wgMuJ0VS/z+Us3CCMsXsfbnH/R4q0vCyLB1j0q9PG2tcKwMQ==",
            "requires": {
                "@dataform/core": "2.9.0"
            }
        }
    }
}
