{
    "name": "no-name-set",
    "lockfileVersion": 2,
    "requires": true,
    "packages": {
        "": {
            "dependencies": {
                "@dataform/core": "3.0.0-beta.5",
                "dfe-analytics-dataform": "https://github.com/DFE-Digital/dfe-analytics-dataform/archive/refs/tags/v2.2.0.tar.gz"
            }
        },
        "node_modules/@dataform/core": {
            "version": "3.0.0-beta.5",
            "resolved": "https://registry.npmjs.org/@dataform/core/-/core-3.0.0-beta.5.tgz",
            "integrity": "sha512-t9i0lIhfHG1gNZY/sYokZ5kpzsYWMTPPBa2r1+ZZaY3Um8SFK7rc84ckGlvtv81n4r7U4yunaz9pMpqNb4Gyng=="
        },
        "node_modules/dfe-analytics-dataform": {
            "resolved": "https://github.com/DFE-Digital/dfe-analytics-dataform/archive/refs/tags/v2.2.0.tar.gz",
            "integrity": "sha512-T7azVvfZJrQ2fl3VHHfur4BLp3cDTskxiS1npilGYFQRkftT63v0tjzYurS1BS33Ol8hgD0oMgUsMVM1B459hg==",
            "dependencies": {
                "@dataform/core": "3.0.7"
            }
        },
        "node_modules/dfe-analytics-dataform/node_modules/@dataform/core": {
            "version": "3.0.7",
            "resolved": "https://registry.npmjs.org/@dataform/core/-/core-3.0.7.tgz",
            "integrity": "sha512-zOYVwB63Ez0SH4KO1eZ/m/DAYZ5t3CKdKLASOEFr3IRdk8egU+m2uwnACOp/x+VJ02AsA5q157KvoDfXWsXelQ=="
        }
    },
    "dependencies": {
        "@dataform/core": {
            "version": "3.0.0-beta.5",
            "resolved": "https://registry.npmjs.org/@dataform/core/-/core-3.0.0-beta.5.tgz",
            "integrity": "sha512-t9i0lIhfHG1gNZY/sYokZ5kpzsYWMTPPBa2r1+ZZaY3Um8SFK7rc84ckGlvtv81n4r7U4yunaz9pMpqNb4Gyng=="
        },
        "dfe-analytics-dataform": {
            "version": "https://github.com/DFE-Digital/dfe-analytics-dataform/archive/refs/tags/v2.2.0.tar.gz",
            "integrity": "sha512-T7azVvfZJrQ2fl3VHHfur4BLp3cDTskxiS1npilGYFQRkftT63v0tjzYurS1BS33Ol8hgD0oMgUsMVM1B459hg==",
            "requires": {
                "@dataform/core": "3.0.7"
            },
            "dependencies": {
                "@dataform/core": {
                    "version": "3.0.7",
                    "resolved": "https://registry.npmjs.org/@dataform/core/-/core-3.0.7.tgz",
                    "integrity": "sha512-zOYVwB63Ez0SH4KO1eZ/m/DAYZ5t3CKdKLASOEFr3IRdk8egU+m2uwnACOp/x+VJ02AsA5q157KvoDfXWsXelQ=="
                }
            }
        }
    }
}
