{
    "name": "apply-for-qualified-teacher-status-dataform",
    "lockfileVersion": 2,
    "requires": true,
    "packages": {
        "": {
            "dependencies": {
                "@dataform/core": "3.0.0-beta.5",
                "dfe-analytics-dataform": "https://github.com/DFE-Digital/dfe-analytics-dataform/archive/refs/tags/v1.11.0.tar.gz"
            }
        },
        "node_modules/@dataform/core": {
            "version": "3.0.0-beta.5",
            "resolved": "https://registry.npmjs.org/@dataform/core/-/core-3.0.0-beta.5.tgz",
            "integrity": "sha512-t9i0lIhfHG1gNZY/sYokZ5kpzsYWMTPPBa2r1+ZZaY3Um8SFK7rc84ckGlvtv81n4r7U4yunaz9pMpqNb4Gyng=="
        },
        "node_modules/dfe-analytics-dataform": {
            "resolved": "https://github.com/DFE-Digital/dfe-analytics-dataform/archive/refs/tags/v1.11.0.tar.gz",
            "integrity": "sha512-vUs/oVz8EKtGMpelJsf49v3ydXTpsrpkFDE2E8IAiV6kxYFdY8VInkUy3CN8wh1o96sr615jt6G8om6u98lc/w==",
            "dependencies": {
                "@dataform/core": "3.0.0-beta.0"
            }
        },
        "node_modules/dfe-analytics-dataform/node_modules/@dataform/core": {
            "version": "3.0.0-beta.0",
            "resolved": "https://registry.npmjs.org/@dataform/core/-/core-3.0.0-beta.0.tgz",
            "integrity": "sha512-l5S3hSR+ZAfmXHk7JVl10XA4VcgG8j6PPBxxr0eUaUzMfxwyqc8DvFvlFtDbu2WMRwBBbkNBfjYVgFgVyyc69g=="
        }
    },
    "dependencies": {
        "@dataform/core": {
            "version": "3.0.0-beta.5",
            "resolved": "https://registry.npmjs.org/@dataform/core/-/core-3.0.0-beta.5.tgz",
            "integrity": "sha512-t9i0lIhfHG1gNZY/sYokZ5kpzsYWMTPPBa2r1+ZZaY3Um8SFK7rc84ckGlvtv81n4r7U4yunaz9pMpqNb4Gyng=="
        },
        "dfe-analytics-dataform": {
            "version": "https://github.com/DFE-Digital/dfe-analytics-dataform/archive/refs/tags/v1.11.0.tar.gz",
            "integrity": "sha512-vUs/oVz8EKtGMpelJsf49v3ydXTpsrpkFDE2E8IAiV6kxYFdY8VInkUy3CN8wh1o96sr615jt6G8om6u98lc/w==",
            "requires": {
                "@dataform/core": "3.0.0-beta.0"
            },
            "dependencies": {
                "@dataform/core": {
                    "version": "3.0.0-beta.0",
                    "resolved": "https://registry.npmjs.org/@dataform/core/-/core-3.0.0-beta.0.tgz",
                    "integrity": "sha512-l5S3hSR+ZAfmXHk7JVl10XA4VcgG8j6PPBxxr0eUaUzMfxwyqc8DvFvlFtDbu2WMRwBBbkNBfjYVgFgVyyc69g=="
                }
            }
        }
    }
}
